github.com/mohito22/tcp v1.0.9 h1:BULSiPwZRc6by9Cb4EcrBGzq0PaAct4ugLidRuJ2PB4=
github.com/mohito22/tcp v1.0.9/go.mod h1:hrnHqQqavxlUEiYSGvntn4qY7sr4yM5nMb26AkcYpv4=
github.com/mohito22/tcp v1.0.10-0.20210201094509-0466387c648f h1:E1bdae2pOqwo0myH4noZe9cO47uL27HgQ3WYXt9floU=
github.com/mohito22/tcp v1.0.10-0.20210201094509-0466387c648f/go.mod h1:hrnHqQqavxlUEiYSGvntn4qY7sr4yM5nMb26AkcYpv4=
github.com/mohito22/tcp v1.0.10 h1:nl0RBYF3CIRG82Na8zIWmB3ROLe+dJYdBGEw8Kaf58E=
github.com/mohito22/tcp v1.0.10/go.mod h1:hrnHqQqavxlUEiYSGvntn4qY7sr4yM5nMb26AkcYpv4=
github.com/mohito22/tcp v1.0.11-0.20210201095304-9f52f066cb56 h1:Xb2zz6JZ2u0ndIEDZaB4789F6W3A7gkympfC7+NiImQ=
github.com/mohito22/tcp v1.0.11-0.20210201095304-9f52f066cb56/go.mod h1:hrnHqQqavxlUEiYSGvntn4qY7sr4yM5nMb26AkcYpv4=
github.com/mohito22/tcp v1.0.11-0.20210201104315-8c3a56c77595 h1:7mjq5K6MgNzjADRmdj3XuC5+lgrlE6W4mUq5O1CPFU0=
github.com/mohito22/tcp v1.0.11-0.20210201104315-8c3a56c77595/go.mod h1:hrnHqQqavxlUEiYSGvntn4qY7sr4yM5nMb26AkcYpv4=
github.com/mohito22/tcp v1.0.13 h1:Mp82o02tkSMRegjlvbqtNeXpbYW6ME1vTxkGMkMSN+0=
github.com/mohito22/tcp v1.0.13/go.mod h1:hrnHqQqavxlUEiYSGvntn4qY7sr4yM5nMb26AkcYpv4=
github.com/mohito22/tcp v1.0.14 h1:POpWj1uinBgxrCxWHhZPMSRjLXSwJUqO2Psf5sxMYXI=
github.com/mohito22/tcp v1.0.14/go.mod h1:hrnHqQqavxlUEiYSGvntn4qY7sr4yM5nMb26AkcYpv4=
github.com/mohito22/tcp v1.0.15 h1:l1Qa9pth8eJVyq4V1FOVesO8OyaWnkXwLoxldOjqCjc=
github.com/mohito22/tcp v1.0.15/go.mod h1:hrnHqQqavxlUEiYSGvntn4qY7sr4yM5nMb26AkcYpv4=
github.com/mohito22/tcp v1.0.16 h1:6gRc/ccEi9+pfwr5Zv5CKSWhgNQL1fzJQDSfxWvXFXo=
github.com/mohito22/tcp v1.0.16/go.mod h1:hrnHqQqavxlUEiYSGvntn4qY7sr4yM5nMb26AkcYpv4=
github.com/mohito22/tcp v1.0.17 h1:YoEiHr6rvrmk66inBIQVNlqPuKcYuzndoSV69G4fduw=
github.com/mohito22/tcp v1.0.17/go.mod h1:hrnHqQqavxlUEiYSGvntn4qY7sr4yM5nMb26AkcYpv4=
github.com/mohito22/tcp v1.0.18 h1:bEo3lDDVKy/kHRlHNA1nss32VMUZBg+ViIM99DwHRKc=
github.com/mohito22/tcp v1.0.18/go.mod h1:hrnHqQqavxlUEiYSGvntn4qY7sr4yM5nMb26AkcYpv4=
